{
  "name": "seanbehan.ca",
  "version": "1.0.0",
  "lockfileVersion": 2,
  "requires": true,
  "packages": {
    "": {
      "name": "seanbehan.ca",
      "version": "1.0.0",
      "license": "MIT",
      "dependencies": {
        "esbuild": "^0.19.4",
        "esbuild-plugin-glob": "^2.2.3",
        "esbuild-svelte": "^0.8.0",
        "typescript": "^5.2.2"
      },
      "devDependencies": {
        "@cloudflare/workers-types": "^4.20230914.0"
      }
    },
    "node_modules/@cloudflare/workers-types": {
      "version": "4.20230914.0",
      "resolved": "https://registry.npmjs.org/@cloudflare/workers-types/-/workers-types-4.20230914.0.tgz",
      "integrity": "sha512-OVeN4lFVu1O0PJGZ2d0FwpK8lelFcr33qYOgCh77ErEYmEBO4adwnIxcIsdQbFbhF0ffN6joiVcljD4zakdaeQ==",
      "dev": true
    },
    "node_modules/@esbuild/android-arm": {
      "version": "0.19.4",
      "resolved": "https://registry.npmjs.org/@esbuild/android-arm/-/android-arm-0.19.4.tgz",
      "integrity": "sha512-uBIbiYMeSsy2U0XQoOGVVcpIktjLMEKa7ryz2RLr7L/vTnANNEsPVAh4xOv7ondGz6ac1zVb0F8Jx20rQikffQ==",
      "cpu": [
        "arm"
      ],
      "optional": true,
      "os": [
        "android"
      ],
      "engines": {
        "node": ">=12"
      }
    },
    "node_modules/@esbuild/android-arm64": {
      "version": "0.19.4",
      "resolved": "https://registry.npmjs.org/@esbuild/android-arm64/-/android-arm64-0.19.4.tgz",
      "integrity": "sha512-mRsi2vJsk4Bx/AFsNBqOH2fqedxn5L/moT58xgg51DjX1la64Z3Npicut2VbhvDFO26qjWtPMsVxCd80YTFVeg==",
      "cpu": [
        "arm64"
      ],
      "optional": true,
      "os": [
        "android"
      ],
      "engines": {
        "node": ">=12"
      }
    },
    "node_modules/@esbuild/android-x64": {
      "version": "0.19.4",
      "resolved": "https://registry.npmjs.org/@esbuild/android-x64/-/android-x64-0.19.4.tgz",
      "integrity": "sha512-4iPufZ1TMOD3oBlGFqHXBpa3KFT46aLl6Vy7gwed0ZSYgHaZ/mihbYb4t7Z9etjkC9Al3ZYIoOaHrU60gcMy7g==",
      "cpu": [
        "x64"
      ],
      "optional": true,
      "os": [
        "android"
      ],
      "engines": {
        "node": ">=12"
      }
    },
    "node_modules/@esbuild/darwin-arm64": {
      "version": "0.19.4",
      "resolved": "https://registry.npmjs.org/@esbuild/darwin-arm64/-/darwin-arm64-0.19.4.tgz",
      "integrity": "sha512-Lviw8EzxsVQKpbS+rSt6/6zjn9ashUZ7Tbuvc2YENgRl0yZTktGlachZ9KMJUsVjZEGFVu336kl5lBgDN6PmpA==",
      "cpu": [
        "arm64"
      ],
      "optional": true,
      "os": [
        "darwin"
      ],
      "engines": {
        "node": ">=12"
      }
    },
    "node_modules/@esbuild/darwin-x64": {
      "version": "0.19.4",
      "resolved": "https://registry.npmjs.org/@esbuild/darwin-x64/-/darwin-x64-0.19.4.tgz",
      "integrity": "sha512-YHbSFlLgDwglFn0lAO3Zsdrife9jcQXQhgRp77YiTDja23FrC2uwnhXMNkAucthsf+Psr7sTwYEryxz6FPAVqw==",
      "cpu": [
        "x64"
      ],
      "optional": true,
      "os": [
        "darwin"
      ],
      "engines": {
        "node": ">=12"
      }
    },
    "node_modules/@esbuild/freebsd-arm64": {
      "version": "0.19.4",
      "resolved": "https://registry.npmjs.org/@esbuild/freebsd-arm64/-/freebsd-arm64-0.19.4.tgz",
      "integrity": "sha512-vz59ijyrTG22Hshaj620e5yhs2dU1WJy723ofc+KUgxVCM6zxQESmWdMuVmUzxtGqtj5heHyB44PjV/HKsEmuQ==",
      "cpu": [
        "arm64"
      ],
      "optional": true,
      "os": [
        "freebsd"
      ],
      "engines": {
        "node": ">=12"
      }
    },
    "node_modules/@esbuild/freebsd-x64": {
      "version": "0.19.4",
      "resolved": "https://registry.npmjs.org/@esbuild/freebsd-x64/-/freebsd-x64-0.19.4.tgz",
      "integrity": "sha512-3sRbQ6W5kAiVQRBWREGJNd1YE7OgzS0AmOGjDmX/qZZecq8NFlQsQH0IfXjjmD0XtUYqr64e0EKNFjMUlPL3Cw==",
      "cpu": [
        "x64"
      ],
      "optional": true,
      "os": [
        "freebsd"
      ],
      "engines": {
        "node": ">=12"
      }
    },
    "node_modules/@esbuild/linux-arm": {
      "version": "0.19.4",
      "resolved": "https://registry.npmjs.org/@esbuild/linux-arm/-/linux-arm-0.19.4.tgz",
      "integrity": "sha512-z/4ArqOo9EImzTi4b6Vq+pthLnepFzJ92BnofU1jgNlcVb+UqynVFdoXMCFreTK7FdhqAzH0vmdwW5373Hm9pg==",
      "cpu": [
        "arm"
      ],
      "optional": true,
      "os": [
        "linux"
      ],
      "engines": {
        "node": ">=12"
      }
    },
    "node_modules/@esbuild/linux-arm64": {
      "version": "0.19.4",
      "resolved": "https://registry.npmjs.org/@esbuild/linux-arm64/-/linux-arm64-0.19.4.tgz",
      "integrity": "sha512-ZWmWORaPbsPwmyu7eIEATFlaqm0QGt+joRE9sKcnVUG3oBbr/KYdNE2TnkzdQwX6EDRdg/x8Q4EZQTXoClUqqA==",
      "cpu": [
        "arm64"
      ],
      "optional": true,
      "os": [
        "linux"
      ],
      "engines": {
        "node": ">=12"
      }
    },
    "node_modules/@esbuild/linux-ia32": {
      "version": "0.19.4",
      "resolved": "https://registry.npmjs.org/@esbuild/linux-ia32/-/linux-ia32-0.19.4.tgz",
      "integrity": "sha512-EGc4vYM7i1GRUIMqRZNCTzJh25MHePYsnQfKDexD8uPTCm9mK56NIL04LUfX2aaJ+C9vyEp2fJ7jbqFEYgO9lQ==",
      "cpu": [
        "ia32"
      ],
      "optional": true,
      "os": [
        "linux"
      ],
      "engines": {
        "node": ">=12"
      }
    },
    "node_modules/@esbuild/linux-loong64": {
      "version": "0.19.4",
      "resolved": "https://registry.npmjs.org/@esbuild/linux-loong64/-/linux-loong64-0.19.4.tgz",
      "integrity": "sha512-WVhIKO26kmm8lPmNrUikxSpXcgd6HDog0cx12BUfA2PkmURHSgx9G6vA19lrlQOMw+UjMZ+l3PpbtzffCxFDRg==",
      "cpu": [
        "loong64"
      ],
      "optional": true,
      "os": [
        "linux"
      ],
      "engines": {
        "node": ">=12"
      }
    },
    "node_modules/@esbuild/linux-mips64el": {
      "version": "0.19.4",
      "resolved": "https://registry.npmjs.org/@esbuild/linux-mips64el/-/linux-mips64el-0.19.4.tgz",
      "integrity": "sha512-keYY+Hlj5w86hNp5JJPuZNbvW4jql7c1eXdBUHIJGTeN/+0QFutU3GrS+c27L+NTmzi73yhtojHk+lr2+502Mw==",
      "cpu": [
        "mips64el"
      ],
      "optional": true,
      "os": [
        "linux"
      ],
      "engines": {
        "node": ">=12"
      }
    },
    "node_modules/@esbuild/linux-ppc64": {
      "version": "0.19.4",
      "resolved": "https://registry.npmjs.org/@esbuild/linux-ppc64/-/linux-ppc64-0.19.4.tgz",
      "integrity": "sha512-tQ92n0WMXyEsCH4m32S21fND8VxNiVazUbU4IUGVXQpWiaAxOBvtOtbEt3cXIV3GEBydYsY8pyeRMJx9kn3rvw==",
      "cpu": [
        "ppc64"
      ],
      "optional": true,
      "os": [
        "linux"
      ],
      "engines": {
        "node": ">=12"
      }
    },
    "node_modules/@esbuild/linux-riscv64": {
      "version": "0.19.4",
      "resolved": "https://registry.npmjs.org/@esbuild/linux-riscv64/-/linux-riscv64-0.19.4.tgz",
      "integrity": "sha512-tRRBey6fG9tqGH6V75xH3lFPpj9E8BH+N+zjSUCnFOX93kEzqS0WdyJHkta/mmJHn7MBaa++9P4ARiU4ykjhig==",
      "cpu": [
        "riscv64"
      ],
      "optional": true,
      "os": [
        "linux"
      ],
      "engines": {
        "node": ">=12"
      }
    },
    "node_modules/@esbuild/linux-s390x": {
      "version": "0.19.4",
      "resolved": "https://registry.npmjs.org/@esbuild/linux-s390x/-/linux-s390x-0.19.4.tgz",
      "integrity": "sha512-152aLpQqKZYhThiJ+uAM4PcuLCAOxDsCekIbnGzPKVBRUDlgaaAfaUl5NYkB1hgY6WN4sPkejxKlANgVcGl9Qg==",
      "cpu": [
        "s390x"
      ],
      "optional": true,
      "os": [
        "linux"
      ],
      "engines": {
        "node": ">=12"
      }
    },
    "node_modules/@esbuild/linux-x64": {
      "version": "0.19.4",
      "resolved": "https://registry.npmjs.org/@esbuild/linux-x64/-/linux-x64-0.19.4.tgz",
      "integrity": "sha512-Mi4aNA3rz1BNFtB7aGadMD0MavmzuuXNTaYL6/uiYIs08U7YMPETpgNn5oue3ICr+inKwItOwSsJDYkrE9ekVg==",
      "cpu": [
        "x64"
      ],
      "optional": true,
      "os": [
        "linux"
      ],
      "engines": {
        "node": ">=12"
      }
    },
    "node_modules/@esbuild/netbsd-x64": {
      "version": "0.19.4",
      "resolved": "https://registry.npmjs.org/@esbuild/netbsd-x64/-/netbsd-x64-0.19.4.tgz",
      "integrity": "sha512-9+Wxx1i5N/CYo505CTT7T+ix4lVzEdz0uCoYGxM5JDVlP2YdDC1Bdz+Khv6IbqmisT0Si928eAxbmGkcbiuM/A==",
      "cpu": [
        "x64"
      ],
      "optional": true,
      "os": [
        "netbsd"
      ],
      "engines": {
        "node": ">=12"
      }
    },
    "node_modules/@esbuild/openbsd-x64": {
      "version": "0.19.4",
      "resolved": "https://registry.npmjs.org/@esbuild/openbsd-x64/-/openbsd-x64-0.19.4.tgz",
      "integrity": "sha512-MFsHleM5/rWRW9EivFssop+OulYVUoVcqkyOkjiynKBCGBj9Lihl7kh9IzrreDyXa4sNkquei5/DTP4uCk25xw==",
      "cpu": [
        "x64"
      ],
      "optional": true,
      "os": [
        "openbsd"
      ],
      "engines": {
        "node": ">=12"
      }
    },
    "node_modules/@esbuild/sunos-x64": {
      "version": "0.19.4",
      "resolved": "https://registry.npmjs.org/@esbuild/sunos-x64/-/sunos-x64-0.19.4.tgz",
      "integrity": "sha512-6Xq8SpK46yLvrGxjp6HftkDwPP49puU4OF0hEL4dTxqCbfx09LyrbUj/D7tmIRMj5D5FCUPksBbxyQhp8tmHzw==",
      "cpu": [
        "x64"
      ],
      "optional": true,
      "os": [
        "sunos"
      ],
      "engines": {
        "node": ">=12"
      }
    },
    "node_modules/@esbuild/win32-arm64": {
      "version": "0.19.4",
      "resolved": "https://registry.npmjs.org/@esbuild/win32-arm64/-/win32-arm64-0.19.4.tgz",
      "integrity": "sha512-PkIl7Jq4mP6ke7QKwyg4fD4Xvn8PXisagV/+HntWoDEdmerB2LTukRZg728Yd1Fj+LuEX75t/hKXE2Ppk8Hh1w==",
      "cpu": [
        "arm64"
      ],
      "optional": true,
      "os": [
        "win32"
      ],
      "engines": {
        "node": ">=12"
      }
    },
    "node_modules/@esbuild/win32-ia32": {
      "version": "0.19.4",
      "resolved": "https://registry.npmjs.org/@esbuild/win32-ia32/-/win32-ia32-0.19.4.tgz",
      "integrity": "sha512-ga676Hnvw7/ycdKB53qPusvsKdwrWzEyJ+AtItHGoARszIqvjffTwaaW3b2L6l90i7MO9i+dlAW415INuRhSGg==",
      "cpu": [
        "ia32"
      ],
      "optional": true,
      "os": [
        "win32"
      ],
      "engines": {
        "node": ">=12"
      }
    },
    "node_modules/@esbuild/win32-x64": {
      "version": "0.19.4",
      "resolved": "https://registry.npmjs.org/@esbuild/win32-x64/-/win32-x64-0.19.4.tgz",
      "integrity": "sha512-HP0GDNla1T3ZL8Ko/SHAS2GgtjOg+VmWnnYLhuTksr++EnduYB0f3Y2LzHsUwb2iQ13JGoY6G3R8h6Du/WG6uA==",
      "cpu": [
        "x64"
      ],
      "optional": true,
      "os": [
        "win32"
      ],
      "engines": {
        "node": ">=12"
      }
    },
    "node_modules/@jridgewell/resolve-uri": {
      "version": "3.1.1",
      "resolved": "https://registry.npmjs.org/@jridgewell/resolve-uri/-/resolve-uri-3.1.1.tgz",
      "integrity": "sha512-dSYZh7HhCDtCKm4QakX0xFpsRDqjjtZf/kjI/v3T3Nwt5r8/qz/M19F9ySyOqU94SXBmeG9ttTul+YnR4LOxFA==",
      "engines": {
        "node": ">=6.0.0"
      }
    },
    "node_modules/@jridgewell/sourcemap-codec": {
      "version": "1.4.15",
      "resolved": "https://registry.npmjs.org/@jridgewell/sourcemap-codec/-/sourcemap-codec-1.4.15.tgz",
      "integrity": "sha512-eF2rxCRulEKXHTRiDrDy6erMYWqNw4LPdQ8UQA4huuxaQsVeRPFl2oM8oDGxMFhJUWZf9McpLtJasDDZb/Bpeg=="
    },
    "node_modules/@jridgewell/trace-mapping": {
      "version": "0.3.19",
      "resolved": "https://registry.npmjs.org/@jridgewell/trace-mapping/-/trace-mapping-0.3.19.tgz",
      "integrity": "sha512-kf37QtfW+Hwx/buWGMPcR60iF9ziHa6r/CZJIHbmcm4+0qrXiVdxegAH0F6yddEVQ7zdkjcGCgCzUu+BcbhQxw==",
      "dependencies": {
        "@jridgewell/resolve-uri": "^3.1.0",
        "@jridgewell/sourcemap-codec": "^1.4.14"
      }
    },
    "node_modules/@nodelib/fs.scandir": {
      "version": "2.1.5",
      "resolved": "https://registry.npmjs.org/@nodelib/fs.scandir/-/fs.scandir-2.1.5.tgz",
      "integrity": "sha512-vq24Bq3ym5HEQm2NKCr3yXDwjc7vTsEThRDnkp2DK9p1uqLR+DHurm/NOTo0KG7HYHU7eppKZj3MyqYuMBf62g==",
      "dependencies": {
        "@nodelib/fs.stat": "2.0.5",
        "run-parallel": "^1.1.9"
      },
      "engines": {
        "node": ">= 8"
      }
    },
    "node_modules/@nodelib/fs.stat": {
      "version": "2.0.5",
      "resolved": "https://registry.npmjs.org/@nodelib/fs.stat/-/fs.stat-2.0.5.tgz",
      "integrity": "sha512-RkhPPp2zrqDAQA/2jNhnztcPAlv64XdhIp7a7454A5ovI7Bukxgt7MX7udwAu3zg1DcpPU0rz3VV1SeaqvY4+A==",
      "engines": {
        "node": ">= 8"
      }
    },
    "node_modules/@nodelib/fs.walk": {
      "version": "1.2.8",
      "resolved": "https://registry.npmjs.org/@nodelib/fs.walk/-/fs.walk-1.2.8.tgz",
      "integrity": "sha512-oGB+UxlgWcgQkgwo8GcEGwemoTFt3FIO9ababBmaGwXIoBKZ+GTy0pP185beGg7Llih/NSHSV2XAs1lnznocSg==",
      "dependencies": {
        "@nodelib/fs.scandir": "2.1.5",
        "fastq": "^1.6.0"
      },
      "engines": {
        "node": ">= 8"
      }
    },
    "node_modules/anymatch": {
      "version": "3.1.2",
      "resolved": "https://registry.npmjs.org/anymatch/-/anymatch-3.1.2.tgz",
      "integrity": "sha512-P43ePfOAIupkguHUycrc4qJ9kz8ZiuOUijaETwX7THt0Y/GNK7v0aa8rY816xWjZ7rJdA5XdMcpVFTKMq+RvWg==",
      "dependencies": {
        "normalize-path": "^3.0.0",
        "picomatch": "^2.0.4"
      },
      "engines": {
        "node": ">= 8"
      }
    },
    "node_modules/balanced-match": {
      "version": "1.0.2",
      "resolved": "https://registry.npmjs.org/balanced-match/-/balanced-match-1.0.2.tgz",
      "integrity": "sha512-3oSeUO0TMV67hN1AmbXsK4yaqU7tjiHlbxRDZOpH0KW9+CeX4bRAaX0Anxt0tx2MrpRpWwQaPwIlISEJhYU5Pw=="
    },
    "node_modules/binary-extensions": {
      "version": "2.2.0",
      "resolved": "https://registry.npmjs.org/binary-extensions/-/binary-extensions-2.2.0.tgz",
      "integrity": "sha512-jDctJ/IVQbZoJykoeHbhXpOlNBqGNcwXJKJog42E5HDPUwQTSdjCHdihjj0DlnheQ7blbT6dHOafNAiS8ooQKA==",
      "engines": {
        "node": ">=8"
      }
    },
    "node_modules/brace-expansion": {
      "version": "2.0.1",
      "resolved": "https://registry.npmjs.org/brace-expansion/-/brace-expansion-2.0.1.tgz",
      "integrity": "sha512-XnAIvQ8eM+kC6aULx6wuQiwVsnzsi9d3WxzV3FpWTGA19F621kwdbsAcFKXgKUHZWsy+mY6iL1sHTxWEFCytDA==",
      "dependencies": {
        "balanced-match": "^1.0.0"
      }
    },
    "node_modules/braces": {
      "version": "3.0.2",
      "resolved": "https://registry.npmjs.org/braces/-/braces-3.0.2.tgz",
      "integrity": "sha512-b8um+L1RzM3WDSzvhm6gIz1yfTbBt6YTlcEKAvsmqCZZFw46z626lVj9j1yEPW33H5H+lBQpZMP1k8l+78Ha0A==",
      "dependencies": {
        "fill-range": "^7.0.1"
      },
      "engines": {
        "node": ">=8"
      }
    },
    "node_modules/chokidar": {
      "version": "3.5.3",
      "resolved": "https://registry.npmjs.org/chokidar/-/chokidar-3.5.3.tgz",
      "integrity": "sha512-Dr3sfKRP6oTcjf2JmUmFJfeVMvXBdegxB0iVQ5eb2V10uFJUCAS8OByZdVAyVb8xXNz3GjjTgj9kLWsZTqE6kw==",
      "funding": [
        {
          "type": "individual",
          "url": "https://paulmillr.com/funding/"
        }
      ],
      "dependencies": {
        "anymatch": "~3.1.2",
        "braces": "~3.0.2",
        "glob-parent": "~5.1.2",
        "is-binary-path": "~2.1.0",
        "is-glob": "~4.0.1",
        "normalize-path": "~3.0.0",
        "readdirp": "~3.6.0"
      },
      "engines": {
        "node": ">= 8.10.0"
      },
      "optionalDependencies": {
        "fsevents": "~2.3.2"
      }
    },
    "node_modules/esbuild": {
      "version": "0.19.4",
      "resolved": "https://registry.npmjs.org/esbuild/-/esbuild-0.19.4.tgz",
      "integrity": "sha512-x7jL0tbRRpv4QUyuDMjONtWFciygUxWaUM1kMX2zWxI0X2YWOt7MSA0g4UdeSiHM8fcYVzpQhKYOycZwxTdZkA==",
      "hasInstallScript": true,
      "bin": {
        "esbuild": "bin/esbuild"
      },
      "engines": {
        "node": ">=12"
      },
      "optionalDependencies": {
        "@esbuild/android-arm": "0.19.4",
        "@esbuild/android-arm64": "0.19.4",
        "@esbuild/android-x64": "0.19.4",
        "@esbuild/darwin-arm64": "0.19.4",
        "@esbuild/darwin-x64": "0.19.4",
        "@esbuild/freebsd-arm64": "0.19.4",
        "@esbuild/freebsd-x64": "0.19.4",
        "@esbuild/linux-arm": "0.19.4",
        "@esbuild/linux-arm64": "0.19.4",
        "@esbuild/linux-ia32": "0.19.4",
        "@esbuild/linux-loong64": "0.19.4",
        "@esbuild/linux-mips64el": "0.19.4",
        "@esbuild/linux-ppc64": "0.19.4",
        "@esbuild/linux-riscv64": "0.19.4",
        "@esbuild/linux-s390x": "0.19.4",
        "@esbuild/linux-x64": "0.19.4",
        "@esbuild/netbsd-x64": "0.19.4",
        "@esbuild/openbsd-x64": "0.19.4",
        "@esbuild/sunos-x64": "0.19.4",
        "@esbuild/win32-arm64": "0.19.4",
        "@esbuild/win32-ia32": "0.19.4",
        "@esbuild/win32-x64": "0.19.4"
      }
    },
    "node_modules/esbuild-plugin-glob": {
      "version": "2.2.3",
      "resolved": "https://registry.npmjs.org/esbuild-plugin-glob/-/esbuild-plugin-glob-2.2.3.tgz",
      "integrity": "sha512-Ee6clR2o8K1BIz94hyfRlHB7//UOeAT5JUPfaCSi1Sqx/Y3GDV2BcO0AOvnbxtZWVL8fHfG9WB92FWzwBZwy4Q==",
      "deprecated": "Esbuild natively supports glob-style imports since version 0.19",
      "dependencies": {
        "chokidar": "^3.5.3",
        "fast-glob": "^3.2.12",
        "minimatch": "^9.0.1",
        "tiny-invariant": "^1.3.1",
        "unixify": "^1.0.0"
      },
      "engines": {
        "node": ">=14"
      },
      "peerDependencies": {
        "esbuild": "^0.x.x"
      }
    },
    "node_modules/esbuild-svelte": {
      "version": "0.8.0",
      "resolved": "https://registry.npmjs.org/esbuild-svelte/-/esbuild-svelte-0.8.0.tgz",
      "integrity": "sha512-uKcPf1kl2UGMjrfHChv4dLxGAvCNhf9s72mHo19ZhKP+LrVOuQkOM/g8GE7MiGpoqjpk8UHqL08uLRbSKXhmhw==",
      "dependencies": {
        "@jridgewell/trace-mapping": "^0.3.19"
      },
      "engines": {
        "node": ">=14"
      },
      "peerDependencies": {
        "esbuild": ">=0.9.6",
        "svelte": ">=3.43.0 <5"
      }
    },
    "node_modules/fast-glob": {
      "version": "3.2.12",
      "resolved": "https://registry.npmjs.org/fast-glob/-/fast-glob-3.2.12.tgz",
      "integrity": "sha512-DVj4CQIYYow0BlaelwK1pHl5n5cRSJfM60UA0zK891sVInoPri2Ekj7+e1CT3/3qxXenpI+nBBmQAcJPJgaj4w==",
      "dependencies": {
        "@nodelib/fs.stat": "^2.0.2",
        "@nodelib/fs.walk": "^1.2.3",
        "glob-parent": "^5.1.2",
        "merge2": "^1.3.0",
        "micromatch": "^4.0.4"
      },
      "engines": {
        "node": ">=8.6.0"
      }
    },
    "node_modules/fastq": {
      "version": "1.13.0",
      "resolved": "https://registry.npmjs.org/fastq/-/fastq-1.13.0.tgz",
      "integrity": "sha512-YpkpUnK8od0o1hmeSc7UUs/eB/vIPWJYjKck2QKIzAf71Vm1AAQ3EbuZB3g2JIy+pg+ERD0vqI79KyZiB2e2Nw==",
      "dependencies": {
        "reusify": "^1.0.4"
      }
    },
    "node_modules/fill-range": {
      "version": "7.0.1",
      "resolved": "https://registry.npmjs.org/fill-range/-/fill-range-7.0.1.tgz",
      "integrity": "sha512-qOo9F+dMUmC2Lcb4BbVvnKJxTPjCm+RRpe4gDuGrzkL7mEVl/djYSu2OdQ2Pa302N4oqkSg9ir6jaLWJ2USVpQ==",
      "dependencies": {
        "to-regex-range": "^5.0.1"
      },
      "engines": {
        "node": ">=8"
      }
    },
    "node_modules/fsevents": {
      "version": "2.3.2",
      "resolved": "https://registry.npmjs.org/fsevents/-/fsevents-2.3.2.tgz",
      "integrity": "sha512-xiqMQR4xAeHTuB9uWm+fFRcIOgKBMiOBP+eXiyT7jsgVCq1bkVygt00oASowB7EdtpOHaaPgKt812P9ab+DDKA==",
      "hasInstallScript": true,
      "optional": true,
      "os": [
        "darwin"
      ],
      "engines": {
        "node": "^8.16.0 || ^10.6.0 || >=11.0.0"
      }
    },
    "node_modules/glob-parent": {
      "version": "5.1.2",
      "resolved": "https://registry.npmjs.org/glob-parent/-/glob-parent-5.1.2.tgz",
      "integrity": "sha512-AOIgSQCepiJYwP3ARnGx+5VnTu2HBYdzbGP45eLw1vr3zB3vZLeyed1sC9hnbcOc9/SrMyM5RPQrkGz4aS9Zow==",
      "dependencies": {
        "is-glob": "^4.0.1"
      },
      "engines": {
        "node": ">= 6"
      }
    },
    "node_modules/is-binary-path": {
      "version": "2.1.0",
      "resolved": "https://registry.npmjs.org/is-binary-path/-/is-binary-path-2.1.0.tgz",
      "integrity": "sha512-ZMERYes6pDydyuGidse7OsHxtbI7WVeUEozgR/g7rd0xUimYNlvZRE/K2MgZTjWy725IfelLeVcEM97mmtRGXw==",
      "dependencies": {
        "binary-extensions": "^2.0.0"
      },
      "engines": {
        "node": ">=8"
      }
    },
    "node_modules/is-extglob": {
      "version": "2.1.1",
      "resolved": "https://registry.npmjs.org/is-extglob/-/is-extglob-2.1.1.tgz",
      "integrity": "sha512-SbKbANkN603Vi4jEZv49LeVJMn4yGwsbzZworEoyEiutsN3nJYdbO36zfhGJ6QEDpOZIFkDtnq5JRxmvl3jsoQ==",
      "engines": {
        "node": ">=0.10.0"
      }
    },
    "node_modules/is-glob": {
      "version": "4.0.3",
      "resolved": "https://registry.npmjs.org/is-glob/-/is-glob-4.0.3.tgz",
      "integrity": "sha512-xelSayHH36ZgE7ZWhli7pW34hNbNl8Ojv5KVmkJD4hBdD3th8Tfk9vYasLM+mXWOZhFkgZfxhLSnrwRr4elSSg==",
      "dependencies": {
        "is-extglob": "^2.1.1"
      },
      "engines": {
        "node": ">=0.10.0"
      }
    },
    "node_modules/is-number": {
      "version": "7.0.0",
      "resolved": "https://registry.npmjs.org/is-number/-/is-number-7.0.0.tgz",
      "integrity": "sha512-41Cifkg6e8TylSpdtTpeLVMqvSBEVzTttHvERD741+pnZ8ANv0004MRL43QKPDlK9cGvNp6NZWZUBlbGXYxxng==",
      "engines": {
        "node": ">=0.12.0"
      }
    },
    "node_modules/merge2": {
      "version": "1.4.1",
      "resolved": "https://registry.npmjs.org/merge2/-/merge2-1.4.1.tgz",
      "integrity": "sha512-8q7VEgMJW4J8tcfVPy8g09NcQwZdbwFEqhe/WZkoIzjn/3TGDwtOCYtXGxA3O8tPzpczCCDgv+P2P5y00ZJOOg==",
      "engines": {
        "node": ">= 8"
      }
    },
    "node_modules/micromatch": {
      "version": "4.0.5",
      "resolved": "https://registry.npmjs.org/micromatch/-/micromatch-4.0.5.tgz",
      "integrity": "sha512-DMy+ERcEW2q8Z2Po+WNXuw3c5YaUSFjAO5GsJqfEl7UjvtIuFKO6ZrKvcItdy98dwFI2N1tg3zNIdKaQT+aNdA==",
      "dependencies": {
        "braces": "^3.0.2",
        "picomatch": "^2.3.1"
      },
      "engines": {
        "node": ">=8.6"
      }
    },
    "node_modules/minimatch": {
      "version": "9.0.1",
      "resolved": "https://registry.npmjs.org/minimatch/-/minimatch-9.0.1.tgz",
      "integrity": "sha512-0jWhJpD/MdhPXwPuiRkCbfYfSKp2qnn2eOc279qI7f+osl/l+prKSrvhg157zSYvx/1nmgn2NqdT6k2Z7zSH9w==",
      "dependencies": {
        "brace-expansion": "^2.0.1"
      },
      "engines": {
        "node": ">=16 || 14 >=14.17"
      },
      "funding": {
        "url": "https://github.com/sponsors/isaacs"
      }
    },
    "node_modules/normalize-path": {
      "version": "3.0.0",
      "resolved": "https://registry.npmjs.org/normalize-path/-/normalize-path-3.0.0.tgz",
      "integrity": "sha512-6eZs5Ls3WtCisHWp9S2GUy8dqkpGi4BVSz3GaqiE6ezub0512ESztXUwUB6C6IKbQkY2Pnb/mD4WYojCRwcwLA==",
      "engines": {
        "node": ">=0.10.0"
      }
    },
    "node_modules/picomatch": {
      "version": "2.3.1",
      "resolved": "https://registry.npmjs.org/picomatch/-/picomatch-2.3.1.tgz",
      "integrity": "sha512-JU3teHTNjmE2VCGFzuY8EXzCDVwEqB2a8fsIvwaStHhAWJEeVd1o1QD80CU6+ZdEXXSLbSsuLwJjkCBWqRQUVA==",
      "engines": {
        "node": ">=8.6"
      },
      "funding": {
        "url": "https://github.com/sponsors/jonschlinkert"
      }
    },
    "node_modules/queue-microtask": {
      "version": "1.2.3",
      "resolved": "https://registry.npmjs.org/queue-microtask/-/queue-microtask-1.2.3.tgz",
      "integrity": "sha512-NuaNSa6flKT5JaSYQzJok04JzTL1CA6aGhv5rfLW3PgqA+M2ChpZQnAC8h8i4ZFkBS8X5RqkDBHA7r4hej3K9A==",
      "funding": [
        {
          "type": "github",
          "url": "https://github.com/sponsors/feross"
        },
        {
          "type": "patreon",
          "url": "https://www.patreon.com/feross"
        },
        {
          "type": "consulting",
          "url": "https://feross.org/support"
        }
      ]
    },
    "node_modules/readdirp": {
      "version": "3.6.0",
      "resolved": "https://registry.npmjs.org/readdirp/-/readdirp-3.6.0.tgz",
      "integrity": "sha512-hOS089on8RduqdbhvQ5Z37A0ESjsqz6qnRcffsMU3495FuTdqSm+7bhJ29JvIOsBDEEnan5DPu9t3To9VRlMzA==",
      "dependencies": {
        "picomatch": "^2.2.1"
      },
      "engines": {
        "node": ">=8.10.0"
      }
    },
    "node_modules/remove-trailing-separator": {
      "version": "1.1.0",
      "resolved": "https://registry.npmjs.org/remove-trailing-separator/-/remove-trailing-separator-1.1.0.tgz",
      "integrity": "sha512-/hS+Y0u3aOfIETiaiirUFwDBDzmXPvO+jAfKTitUngIPzdKc6Z0LoFjM/CK5PL4C+eKwHohlHAb6H0VFfmmUsw=="
    },
    "node_modules/reusify": {
      "version": "1.0.4",
      "resolved": "https://registry.npmjs.org/reusify/-/reusify-1.0.4.tgz",
      "integrity": "sha512-U9nH88a3fc/ekCF1l0/UP1IosiuIjyTh7hBvXVMHYgVcfGvt897Xguj2UOLDeI5BG2m7/uwyaLVT6fbtCwTyzw==",
      "engines": {
        "iojs": ">=1.0.0",
        "node": ">=0.10.0"
      }
    },
    "node_modules/run-parallel": {
      "version": "1.2.0",
      "resolved": "https://registry.npmjs.org/run-parallel/-/run-parallel-1.2.0.tgz",
      "integrity": "sha512-5l4VyZR86LZ/lDxZTR6jqL8AFE2S0IFLMP26AbjsLVADxHdhB/c0GUsH+y39UfCi3dzz8OlQuPmnaJOMoDHQBA==",
      "funding": [
        {
          "type": "github",
          "url": "https://github.com/sponsors/feross"
        },
        {
          "type": "patreon",
          "url": "https://www.patreon.com/feross"
        },
        {
          "type": "consulting",
          "url": "https://feross.org/support"
        }
      ],
      "dependencies": {
        "queue-microtask": "^1.2.2"
      }
    },
    "node_modules/svelte": {
      "version": "3.52.0",
      "resolved": "https://registry.npmjs.org/svelte/-/svelte-3.52.0.tgz",
      "integrity": "sha512-FxcnEUOAVfr10vDU5dVgJN19IvqeHQCS1zfe8vayTfis9A2t5Fhx+JDe5uv/C3j//bB1umpLJ6quhgs9xyUbCQ==",
      "peer": true,
      "engines": {
        "node": ">= 8"
      }
    },
    "node_modules/tiny-invariant": {
      "version": "1.3.1",
      "resolved": "https://registry.npmjs.org/tiny-invariant/-/tiny-invariant-1.3.1.tgz",
      "integrity": "sha512-AD5ih2NlSssTCwsMznbvwMZpJ1cbhkGd2uueNxzv2jDlEeZdU04JQfRnggJQ8DrcVBGjAsCKwFBbDlVNtEMlzw=="
    },
    "node_modules/to-regex-range": {
      "version": "5.0.1",
      "resolved": "https://registry.npmjs.org/to-regex-range/-/to-regex-range-5.0.1.tgz",
      "integrity": "sha512-65P7iz6X5yEr1cwcgvQxbbIw7Uk3gOy5dIdtZ4rDveLqhrdJP+Li/Hx6tyK0NEb+2GCyneCMJiGqrADCSNk8sQ==",
      "dependencies": {
        "is-number": "^7.0.0"
      },
      "engines": {
        "node": ">=8.0"
      }
    },
    "node_modules/typescript": {
      "version": "5.2.2",
      "resolved": "https://registry.npmjs.org/typescript/-/typescript-5.2.2.tgz",
      "integrity": "sha512-mI4WrpHsbCIcwT9cF4FZvr80QUeKvsUsUvKDoR+X/7XHQH98xYD8YHZg7ANtz2GtZt/CBq2QJ0thkGJMHfqc1w==",
      "bin": {
        "tsc": "bin/tsc",
        "tsserver": "bin/tsserver"
      },
      "engines": {
        "node": ">=14.17"
      }
    },
    "node_modules/unixify": {
      "version": "1.0.0",
      "resolved": "https://registry.npmjs.org/unixify/-/unixify-1.0.0.tgz",
      "integrity": "sha512-6bc58dPYhCMHHuwxldQxO3RRNZ4eCogZ/st++0+fcC1nr0jiGUtAdBJ2qzmLQWSxbtz42pWt4QQMiZ9HvZf5cg==",
      "dependencies": {
        "normalize-path": "^2.1.1"
      },
      "engines": {
        "node": ">=0.10.0"
      }
    },
    "node_modules/unixify/node_modules/normalize-path": {
      "version": "2.1.1",
      "resolved": "https://registry.npmjs.org/normalize-path/-/normalize-path-2.1.1.tgz",
      "integrity": "sha512-3pKJwH184Xo/lnH6oyP1q2pMd7HcypqqmRs91/6/i2CGtWwIKGCkOOMTm/zXbgTEWHw1uNpNi/igc3ePOYHb6w==",
      "dependencies": {
        "remove-trailing-separator": "^1.0.1"
      },
      "engines": {
        "node": ">=0.10.0"
      }
    }
  },
  "dependencies": {
    "@cloudflare/workers-types": {
      "version": "4.20230914.0",
      "resolved": "https://registry.npmjs.org/@cloudflare/workers-types/-/workers-types-4.20230914.0.tgz",
      "integrity": "sha512-OVeN4lFVu1O0PJGZ2d0FwpK8lelFcr33qYOgCh77ErEYmEBO4adwnIxcIsdQbFbhF0ffN6joiVcljD4zakdaeQ==",
      "dev": true
    },
    "@esbuild/android-arm": {
      "version": "0.19.4",
      "resolved": "https://registry.npmjs.org/@esbuild/android-arm/-/android-arm-0.19.4.tgz",
      "integrity": "sha512-uBIbiYMeSsy2U0XQoOGVVcpIktjLMEKa7ryz2RLr7L/vTnANNEsPVAh4xOv7ondGz6ac1zVb0F8Jx20rQikffQ==",
      "optional": true
    },
    "@esbuild/android-arm64": {
      "version": "0.19.4",
      "resolved": "https://registry.npmjs.org/@esbuild/android-arm64/-/android-arm64-0.19.4.tgz",
      "integrity": "sha512-mRsi2vJsk4Bx/AFsNBqOH2fqedxn5L/moT58xgg51DjX1la64Z3Npicut2VbhvDFO26qjWtPMsVxCd80YTFVeg==",
      "optional": true
    },
    "@esbuild/android-x64": {
      "version": "0.19.4",
      "resolved": "https://registry.npmjs.org/@esbuild/android-x64/-/android-x64-0.19.4.tgz",
      "integrity": "sha512-4iPufZ1TMOD3oBlGFqHXBpa3KFT46aLl6Vy7gwed0ZSYgHaZ/mihbYb4t7Z9etjkC9Al3ZYIoOaHrU60gcMy7g==",
      "optional": true
    },
    "@esbuild/darwin-arm64": {
      "version": "0.19.4",
      "resolved": "https://registry.npmjs.org/@esbuild/darwin-arm64/-/darwin-arm64-0.19.4.tgz",
      "integrity": "sha512-Lviw8EzxsVQKpbS+rSt6/6zjn9ashUZ7Tbuvc2YENgRl0yZTktGlachZ9KMJUsVjZEGFVu336kl5lBgDN6PmpA==",
      "optional": true
    },
    "@esbuild/darwin-x64": {
      "version": "0.19.4",
      "resolved": "https://registry.npmjs.org/@esbuild/darwin-x64/-/darwin-x64-0.19.4.tgz",
      "integrity": "sha512-YHbSFlLgDwglFn0lAO3Zsdrife9jcQXQhgRp77YiTDja23FrC2uwnhXMNkAucthsf+Psr7sTwYEryxz6FPAVqw==",
      "optional": true
    },
    "@esbuild/freebsd-arm64": {
      "version": "0.19.4",
      "resolved": "https://registry.npmjs.org/@esbuild/freebsd-arm64/-/freebsd-arm64-0.19.4.tgz",
      "integrity": "sha512-vz59ijyrTG22Hshaj620e5yhs2dU1WJy723ofc+KUgxVCM6zxQESmWdMuVmUzxtGqtj5heHyB44PjV/HKsEmuQ==",
      "optional": true
    },
    "@esbuild/freebsd-x64": {
      "version": "0.19.4",
      "resolved": "https://registry.npmjs.org/@esbuild/freebsd-x64/-/freebsd-x64-0.19.4.tgz",
      "integrity": "sha512-3sRbQ6W5kAiVQRBWREGJNd1YE7OgzS0AmOGjDmX/qZZecq8NFlQsQH0IfXjjmD0XtUYqr64e0EKNFjMUlPL3Cw==",
      "optional": true
    },
    "@esbuild/linux-arm": {
      "version": "0.19.4",
      "resolved": "https://registry.npmjs.org/@esbuild/linux-arm/-/linux-arm-0.19.4.tgz",
      "integrity": "sha512-z/4ArqOo9EImzTi4b6Vq+pthLnepFzJ92BnofU1jgNlcVb+UqynVFdoXMCFreTK7FdhqAzH0vmdwW5373Hm9pg==",
      "optional": true
    },
    "@esbuild/linux-arm64": {
      "version": "0.19.4",
      "resolved": "https://registry.npmjs.org/@esbuild/linux-arm64/-/linux-arm64-0.19.4.tgz",
      "integrity": "sha512-ZWmWORaPbsPwmyu7eIEATFlaqm0QGt+joRE9sKcnVUG3oBbr/KYdNE2TnkzdQwX6EDRdg/x8Q4EZQTXoClUqqA==",
      "optional": true
    },
    "@esbuild/linux-ia32": {
      "version": "0.19.4",
      "resolved": "https://registry.npmjs.org/@esbuild/linux-ia32/-/linux-ia32-0.19.4.tgz",
      "integrity": "sha512-EGc4vYM7i1GRUIMqRZNCTzJh25MHePYsnQfKDexD8uPTCm9mK56NIL04LUfX2aaJ+C9vyEp2fJ7jbqFEYgO9lQ==",
      "optional": true
    },
    "@esbuild/linux-loong64": {
      "version": "0.19.4",
      "resolved": "https://registry.npmjs.org/@esbuild/linux-loong64/-/linux-loong64-0.19.4.tgz",
      "integrity": "sha512-WVhIKO26kmm8lPmNrUikxSpXcgd6HDog0cx12BUfA2PkmURHSgx9G6vA19lrlQOMw+UjMZ+l3PpbtzffCxFDRg==",
      "optional": true
    },
    "@esbuild/linux-mips64el": {
      "version": "0.19.4",
      "resolved": "https://registry.npmjs.org/@esbuild/linux-mips64el/-/linux-mips64el-0.19.4.tgz",
      "integrity": "sha512-keYY+Hlj5w86hNp5JJPuZNbvW4jql7c1eXdBUHIJGTeN/+0QFutU3GrS+c27L+NTmzi73yhtojHk+lr2+502Mw==",
      "optional": true
    },
    "@esbuild/linux-ppc64": {
      "version": "0.19.4",
      "resolved": "https://registry.npmjs.org/@esbuild/linux-ppc64/-/linux-ppc64-0.19.4.tgz",
      "integrity": "sha512-tQ92n0WMXyEsCH4m32S21fND8VxNiVazUbU4IUGVXQpWiaAxOBvtOtbEt3cXIV3GEBydYsY8pyeRMJx9kn3rvw==",
      "optional": true
    },
    "@esbuild/linux-riscv64": {
      "version": "0.19.4",
      "resolved": "https://registry.npmjs.org/@esbuild/linux-riscv64/-/linux-riscv64-0.19.4.tgz",
      "integrity": "sha512-tRRBey6fG9tqGH6V75xH3lFPpj9E8BH+N+zjSUCnFOX93kEzqS0WdyJHkta/mmJHn7MBaa++9P4ARiU4ykjhig==",
      "optional": true
    },
    "@esbuild/linux-s390x": {
      "version": "0.19.4",
      "resolved": "https://registry.npmjs.org/@esbuild/linux-s390x/-/linux-s390x-0.19.4.tgz",
      "integrity": "sha512-152aLpQqKZYhThiJ+uAM4PcuLCAOxDsCekIbnGzPKVBRUDlgaaAfaUl5NYkB1hgY6WN4sPkejxKlANgVcGl9Qg==",
      "optional": true
    },
    "@esbuild/linux-x64": {
      "version": "0.19.4",
      "resolved": "https://registry.npmjs.org/@esbuild/linux-x64/-/linux-x64-0.19.4.tgz",
      "integrity": "sha512-Mi4aNA3rz1BNFtB7aGadMD0MavmzuuXNTaYL6/uiYIs08U7YMPETpgNn5oue3ICr+inKwItOwSsJDYkrE9ekVg==",
      "optional": true
    },
    "@esbuild/netbsd-x64": {
      "version": "0.19.4",
      "resolved": "https://registry.npmjs.org/@esbuild/netbsd-x64/-/netbsd-x64-0.19.4.tgz",
      "integrity": "sha512-9+Wxx1i5N/CYo505CTT7T+ix4lVzEdz0uCoYGxM5JDVlP2YdDC1Bdz+Khv6IbqmisT0Si928eAxbmGkcbiuM/A==",
      "optional": true
    },
    "@esbuild/openbsd-x64": {
      "version": "0.19.4",
      "resolved": "https://registry.npmjs.org/@esbuild/openbsd-x64/-/openbsd-x64-0.19.4.tgz",
      "integrity": "sha512-MFsHleM5/rWRW9EivFssop+OulYVUoVcqkyOkjiynKBCGBj9Lihl7kh9IzrreDyXa4sNkquei5/DTP4uCk25xw==",
      "optional": true
    },
    "@esbuild/sunos-x64": {
      "version": "0.19.4",
      "resolved": "https://registry.npmjs.org/@esbuild/sunos-x64/-/sunos-x64-0.19.4.tgz",
      "integrity": "sha512-6Xq8SpK46yLvrGxjp6HftkDwPP49puU4OF0hEL4dTxqCbfx09LyrbUj/D7tmIRMj5D5FCUPksBbxyQhp8tmHzw==",
      "optional": true
    },
    "@esbuild/win32-arm64": {
      "version": "0.19.4",
      "resolved": "https://registry.npmjs.org/@esbuild/win32-arm64/-/win32-arm64-0.19.4.tgz",
      "integrity": "sha512-PkIl7Jq4mP6ke7QKwyg4fD4Xvn8PXisagV/+HntWoDEdmerB2LTukRZg728Yd1Fj+LuEX75t/hKXE2Ppk8Hh1w==",
      "optional": true
    },
    "@esbuild/win32-ia32": {
      "version": "0.19.4",
      "resolved": "https://registry.npmjs.org/@esbuild/win32-ia32/-/win32-ia32-0.19.4.tgz",
      "integrity": "sha512-ga676Hnvw7/ycdKB53qPusvsKdwrWzEyJ+AtItHGoARszIqvjffTwaaW3b2L6l90i7MO9i+dlAW415INuRhSGg==",
      "optional": true
    },
    "@esbuild/win32-x64": {
      "version": "0.19.4",
      "resolved": "https://registry.npmjs.org/@esbuild/win32-x64/-/win32-x64-0.19.4.tgz",
      "integrity": "sha512-HP0GDNla1T3ZL8Ko/SHAS2GgtjOg+VmWnnYLhuTksr++EnduYB0f3Y2LzHsUwb2iQ13JGoY6G3R8h6Du/WG6uA==",
      "optional": true
    },
    "@jridgewell/resolve-uri": {
      "version": "3.1.1",
      "resolved": "https://registry.npmjs.org/@jridgewell/resolve-uri/-/resolve-uri-3.1.1.tgz",
      "integrity": "sha512-dSYZh7HhCDtCKm4QakX0xFpsRDqjjtZf/kjI/v3T3Nwt5r8/qz/M19F9ySyOqU94SXBmeG9ttTul+YnR4LOxFA=="
    },
    "@jridgewell/sourcemap-codec": {
      "version": "1.4.15",
      "resolved": "https://registry.npmjs.org/@jridgewell/sourcemap-codec/-/sourcemap-codec-1.4.15.tgz",
      "integrity": "sha512-eF2rxCRulEKXHTRiDrDy6erMYWqNw4LPdQ8UQA4huuxaQsVeRPFl2oM8oDGxMFhJUWZf9McpLtJasDDZb/Bpeg=="
    },
    "@jridgewell/trace-mapping": {
      "version": "0.3.19",
      "resolved": "https://registry.npmjs.org/@jridgewell/trace-mapping/-/trace-mapping-0.3.19.tgz",
      "integrity": "sha512-kf37QtfW+Hwx/buWGMPcR60iF9ziHa6r/CZJIHbmcm4+0qrXiVdxegAH0F6yddEVQ7zdkjcGCgCzUu+BcbhQxw==",
      "requires": {
        "@jridgewell/resolve-uri": "^3.1.0",
        "@jridgewell/sourcemap-codec": "^1.4.14"
      }
    },
    "@nodelib/fs.scandir": {
      "version": "2.1.5",
      "resolved": "https://registry.npmjs.org/@nodelib/fs.scandir/-/fs.scandir-2.1.5.tgz",
      "integrity": "sha512-vq24Bq3ym5HEQm2NKCr3yXDwjc7vTsEThRDnkp2DK9p1uqLR+DHurm/NOTo0KG7HYHU7eppKZj3MyqYuMBf62g==",
      "requires": {
        "@nodelib/fs.stat": "2.0.5",
        "run-parallel": "^1.1.9"
      }
    },
    "@nodelib/fs.stat": {
      "version": "2.0.5",
      "resolved": "https://registry.npmjs.org/@nodelib/fs.stat/-/fs.stat-2.0.5.tgz",
      "integrity": "sha512-RkhPPp2zrqDAQA/2jNhnztcPAlv64XdhIp7a7454A5ovI7Bukxgt7MX7udwAu3zg1DcpPU0rz3VV1SeaqvY4+A=="
    },
    "@nodelib/fs.walk": {
      "version": "1.2.8",
      "resolved": "https://registry.npmjs.org/@nodelib/fs.walk/-/fs.walk-1.2.8.tgz",
      "integrity": "sha512-oGB+UxlgWcgQkgwo8GcEGwemoTFt3FIO9ababBmaGwXIoBKZ+GTy0pP185beGg7Llih/NSHSV2XAs1lnznocSg==",
      "requires": {
        "@nodelib/fs.scandir": "2.1.5",
        "fastq": "^1.6.0"
      }
    },
    "anymatch": {
      "version": "3.1.2",
      "resolved": "https://registry.npmjs.org/anymatch/-/anymatch-3.1.2.tgz",
      "integrity": "sha512-P43ePfOAIupkguHUycrc4qJ9kz8ZiuOUijaETwX7THt0Y/GNK7v0aa8rY816xWjZ7rJdA5XdMcpVFTKMq+RvWg==",
      "requires": {
        "normalize-path": "^3.0.0",
        "picomatch": "^2.0.4"
      }
    },
    "balanced-match": {
      "version": "1.0.2",
      "resolved": "https://registry.npmjs.org/balanced-match/-/balanced-match-1.0.2.tgz",
      "integrity": "sha512-3oSeUO0TMV67hN1AmbXsK4yaqU7tjiHlbxRDZOpH0KW9+CeX4bRAaX0Anxt0tx2MrpRpWwQaPwIlISEJhYU5Pw=="
    },
    "binary-extensions": {
      "version": "2.2.0",
      "resolved": "https://registry.npmjs.org/binary-extensions/-/binary-extensions-2.2.0.tgz",
      "integrity": "sha512-jDctJ/IVQbZoJykoeHbhXpOlNBqGNcwXJKJog42E5HDPUwQTSdjCHdihjj0DlnheQ7blbT6dHOafNAiS8ooQKA=="
    },
    "brace-expansion": {
      "version": "2.0.1",
      "resolved": "https://registry.npmjs.org/brace-expansion/-/brace-expansion-2.0.1.tgz",
      "integrity": "sha512-XnAIvQ8eM+kC6aULx6wuQiwVsnzsi9d3WxzV3FpWTGA19F621kwdbsAcFKXgKUHZWsy+mY6iL1sHTxWEFCytDA==",
      "requires": {
        "balanced-match": "^1.0.0"
      }
    },
    "braces": {
      "version": "3.0.2",
      "resolved": "https://registry.npmjs.org/braces/-/braces-3.0.2.tgz",
      "integrity": "sha512-b8um+L1RzM3WDSzvhm6gIz1yfTbBt6YTlcEKAvsmqCZZFw46z626lVj9j1yEPW33H5H+lBQpZMP1k8l+78Ha0A==",
      "requires": {
        "fill-range": "^7.0.1"
      }
    },
    "chokidar": {
      "version": "3.5.3",
      "resolved": "https://registry.npmjs.org/chokidar/-/chokidar-3.5.3.tgz",
      "integrity": "sha512-Dr3sfKRP6oTcjf2JmUmFJfeVMvXBdegxB0iVQ5eb2V10uFJUCAS8OByZdVAyVb8xXNz3GjjTgj9kLWsZTqE6kw==",
      "requires": {
        "anymatch": "~3.1.2",
        "braces": "~3.0.2",
        "fsevents": "~2.3.2",
        "glob-parent": "~5.1.2",
        "is-binary-path": "~2.1.0",
        "is-glob": "~4.0.1",
        "normalize-path": "~3.0.0",
        "readdirp": "~3.6.0"
      }
    },
    "esbuild": {
      "version": "0.19.4",
      "resolved": "https://registry.npmjs.org/esbuild/-/esbuild-0.19.4.tgz",
      "integrity": "sha512-x7jL0tbRRpv4QUyuDMjONtWFciygUxWaUM1kMX2zWxI0X2YWOt7MSA0g4UdeSiHM8fcYVzpQhKYOycZwxTdZkA==",
      "requires": {
        "@esbuild/android-arm": "0.19.4",
        "@esbuild/android-arm64": "0.19.4",
        "@esbuild/android-x64": "0.19.4",
        "@esbuild/darwin-arm64": "0.19.4",
        "@esbuild/darwin-x64": "0.19.4",
        "@esbuild/freebsd-arm64": "0.19.4",
        "@esbuild/freebsd-x64": "0.19.4",
        "@esbuild/linux-arm": "0.19.4",
        "@esbuild/linux-arm64": "0.19.4",
        "@esbuild/linux-ia32": "0.19.4",
        "@esbuild/linux-loong64": "0.19.4",
        "@esbuild/linux-mips64el": "0.19.4",
        "@esbuild/linux-ppc64": "0.19.4",
        "@esbuild/linux-riscv64": "0.19.4",
        "@esbuild/linux-s390x": "0.19.4",
        "@esbuild/linux-x64": "0.19.4",
        "@esbuild/netbsd-x64": "0.19.4",
        "@esbuild/openbsd-x64": "0.19.4",
        "@esbuild/sunos-x64": "0.19.4",
        "@esbuild/win32-arm64": "0.19.4",
        "@esbuild/win32-ia32": "0.19.4",
        "@esbuild/win32-x64": "0.19.4"
      }
    },
    "esbuild-plugin-glob": {
      "version": "2.2.3",
      "resolved": "https://registry.npmjs.org/esbuild-plugin-glob/-/esbuild-plugin-glob-2.2.3.tgz",
      "integrity": "sha512-Ee6clR2o8K1BIz94hyfRlHB7//UOeAT5JUPfaCSi1Sqx/Y3GDV2BcO0AOvnbxtZWVL8fHfG9WB92FWzwBZwy4Q==",
      "requires": {
        "chokidar": "^3.5.3",
        "fast-glob": "^3.2.12",
        "minimatch": "^9.0.1",
        "tiny-invariant": "^1.3.1",
        "unixify": "^1.0.0"
      }
    },
    "esbuild-svelte": {
      "version": "0.8.0",
      "resolved": "https://registry.npmjs.org/esbuild-svelte/-/esbuild-svelte-0.8.0.tgz",
      "integrity": "sha512-uKcPf1kl2UGMjrfHChv4dLxGAvCNhf9s72mHo19ZhKP+LrVOuQkOM/g8GE7MiGpoqjpk8UHqL08uLRbSKXhmhw==",
      "requires": {
        "@jridgewell/trace-mapping": "^0.3.19"
      }
    },
    "fast-glob": {
      "version": "3.2.12",
      "resolved": "https://registry.npmjs.org/fast-glob/-/fast-glob-3.2.12.tgz",
      "integrity": "sha512-DVj4CQIYYow0BlaelwK1pHl5n5cRSJfM60UA0zK891sVInoPri2Ekj7+e1CT3/3qxXenpI+nBBmQAcJPJgaj4w==",
      "requires": {
        "@nodelib/fs.stat": "^2.0.2",
        "@nodelib/fs.walk": "^1.2.3",
        "glob-parent": "^5.1.2",
        "merge2": "^1.3.0",
        "micromatch": "^4.0.4"
      }
    },
    "fastq": {
      "version": "1.13.0",
      "resolved": "https://registry.npmjs.org/fastq/-/fastq-1.13.0.tgz",
      "integrity": "sha512-YpkpUnK8od0o1hmeSc7UUs/eB/vIPWJYjKck2QKIzAf71Vm1AAQ3EbuZB3g2JIy+pg+ERD0vqI79KyZiB2e2Nw==",
      "requires": {
        "reusify": "^1.0.4"
      }
    },
    "fill-range": {
      "version": "7.0.1",
      "resolved": "https://registry.npmjs.org/fill-range/-/fill-range-7.0.1.tgz",
      "integrity": "sha512-qOo9F+dMUmC2Lcb4BbVvnKJxTPjCm+RRpe4gDuGrzkL7mEVl/djYSu2OdQ2Pa302N4oqkSg9ir6jaLWJ2USVpQ==",
      "requires": {
        "to-regex-range": "^5.0.1"
      }
    },
    "fsevents": {
      "version": "2.3.2",
      "resolved": "https://registry.npmjs.org/fsevents/-/fsevents-2.3.2.tgz",
      "integrity": "sha512-xiqMQR4xAeHTuB9uWm+fFRcIOgKBMiOBP+eXiyT7jsgVCq1bkVygt00oASowB7EdtpOHaaPgKt812P9ab+DDKA==",
      "optional": true
    },
    "glob-parent": {
      "version": "5.1.2",
      "resolved": "https://registry.npmjs.org/glob-parent/-/glob-parent-5.1.2.tgz",
      "integrity": "sha512-AOIgSQCepiJYwP3ARnGx+5VnTu2HBYdzbGP45eLw1vr3zB3vZLeyed1sC9hnbcOc9/SrMyM5RPQrkGz4aS9Zow==",
      "requires": {
        "is-glob": "^4.0.1"
      }
    },
    "is-binary-path": {
      "version": "2.1.0",
      "resolved": "https://registry.npmjs.org/is-binary-path/-/is-binary-path-2.1.0.tgz",
      "integrity": "sha512-ZMERYes6pDydyuGidse7OsHxtbI7WVeUEozgR/g7rd0xUimYNlvZRE/K2MgZTjWy725IfelLeVcEM97mmtRGXw==",
      "requires": {
        "binary-extensions": "^2.0.0"
      }
    },
    "is-extglob": {
      "version": "2.1.1",
      "resolved": "https://registry.npmjs.org/is-extglob/-/is-extglob-2.1.1.tgz",
      "integrity": "sha512-SbKbANkN603Vi4jEZv49LeVJMn4yGwsbzZworEoyEiutsN3nJYdbO36zfhGJ6QEDpOZIFkDtnq5JRxmvl3jsoQ=="
    },
    "is-glob": {
      "version": "4.0.3",
      "resolved": "https://registry.npmjs.org/is-glob/-/is-glob-4.0.3.tgz",
      "integrity": "sha512-xelSayHH36ZgE7ZWhli7pW34hNbNl8Ojv5KVmkJD4hBdD3th8Tfk9vYasLM+mXWOZhFkgZfxhLSnrwRr4elSSg==",
      "requires": {
        "is-extglob": "^2.1.1"
      }
    },
    "is-number": {
      "version": "7.0.0",
      "resolved": "https://registry.npmjs.org/is-number/-/is-number-7.0.0.tgz",
      "integrity": "sha512-41Cifkg6e8TylSpdtTpeLVMqvSBEVzTttHvERD741+pnZ8ANv0004MRL43QKPDlK9cGvNp6NZWZUBlbGXYxxng=="
    },
    "merge2": {
      "version": "1.4.1",
      "resolved": "https://registry.npmjs.org/merge2/-/merge2-1.4.1.tgz",
      "integrity": "sha512-8q7VEgMJW4J8tcfVPy8g09NcQwZdbwFEqhe/WZkoIzjn/3TGDwtOCYtXGxA3O8tPzpczCCDgv+P2P5y00ZJOOg=="
    },
    "micromatch": {
      "version": "4.0.5",
      "resolved": "https://registry.npmjs.org/micromatch/-/micromatch-4.0.5.tgz",
      "integrity": "sha512-DMy+ERcEW2q8Z2Po+WNXuw3c5YaUSFjAO5GsJqfEl7UjvtIuFKO6ZrKvcItdy98dwFI2N1tg3zNIdKaQT+aNdA==",
      "requires": {
        "braces": "^3.0.2",
        "picomatch": "^2.3.1"
      }
    },
    "minimatch": {
      "version": "9.0.1",
      "resolved": "https://registry.npmjs.org/minimatch/-/minimatch-9.0.1.tgz",
      "integrity": "sha512-0jWhJpD/MdhPXwPuiRkCbfYfSKp2qnn2eOc279qI7f+osl/l+prKSrvhg157zSYvx/1nmgn2NqdT6k2Z7zSH9w==",
      "requires": {
        "brace-expansion": "^2.0.1"
      }
    },
    "normalize-path": {
      "version": "3.0.0",
      "resolved": "https://registry.npmjs.org/normalize-path/-/normalize-path-3.0.0.tgz",
      "integrity": "sha512-6eZs5Ls3WtCisHWp9S2GUy8dqkpGi4BVSz3GaqiE6ezub0512ESztXUwUB6C6IKbQkY2Pnb/mD4WYojCRwcwLA=="
    },
    "picomatch": {
      "version": "2.3.1",
      "resolved": "https://registry.npmjs.org/picomatch/-/picomatch-2.3.1.tgz",
      "integrity": "sha512-JU3teHTNjmE2VCGFzuY8EXzCDVwEqB2a8fsIvwaStHhAWJEeVd1o1QD80CU6+ZdEXXSLbSsuLwJjkCBWqRQUVA=="
    },
    "queue-microtask": {
      "version": "1.2.3",
      "resolved": "https://registry.npmjs.org/queue-microtask/-/queue-microtask-1.2.3.tgz",
      "integrity": "sha512-NuaNSa6flKT5JaSYQzJok04JzTL1CA6aGhv5rfLW3PgqA+M2ChpZQnAC8h8i4ZFkBS8X5RqkDBHA7r4hej3K9A=="
    },
    "readdirp": {
      "version": "3.6.0",
      "resolved": "https://registry.npmjs.org/readdirp/-/readdirp-3.6.0.tgz",
      "integrity": "sha512-hOS089on8RduqdbhvQ5Z37A0ESjsqz6qnRcffsMU3495FuTdqSm+7bhJ29JvIOsBDEEnan5DPu9t3To9VRlMzA==",
      "requires": {
        "picomatch": "^2.2.1"
      }
    },
    "remove-trailing-separator": {
      "version": "1.1.0",
      "resolved": "https://registry.npmjs.org/remove-trailing-separator/-/remove-trailing-separator-1.1.0.tgz",
      "integrity": "sha512-/hS+Y0u3aOfIETiaiirUFwDBDzmXPvO+jAfKTitUngIPzdKc6Z0LoFjM/CK5PL4C+eKwHohlHAb6H0VFfmmUsw=="
    },
    "reusify": {
      "version": "1.0.4",
      "resolved": "https://registry.npmjs.org/reusify/-/reusify-1.0.4.tgz",
      "integrity": "sha512-U9nH88a3fc/ekCF1l0/UP1IosiuIjyTh7hBvXVMHYgVcfGvt897Xguj2UOLDeI5BG2m7/uwyaLVT6fbtCwTyzw=="
    },
    "run-parallel": {
      "version": "1.2.0",
      "resolved": "https://registry.npmjs.org/run-parallel/-/run-parallel-1.2.0.tgz",
      "integrity": "sha512-5l4VyZR86LZ/lDxZTR6jqL8AFE2S0IFLMP26AbjsLVADxHdhB/c0GUsH+y39UfCi3dzz8OlQuPmnaJOMoDHQBA==",
      "requires": {
        "queue-microtask": "^1.2.2"
      }
    },
    "svelte": {
      "version": "3.52.0",
      "resolved": "https://registry.npmjs.org/svelte/-/svelte-3.52.0.tgz",
      "integrity": "sha512-FxcnEUOAVfr10vDU5dVgJN19IvqeHQCS1zfe8vayTfis9A2t5Fhx+JDe5uv/C3j//bB1umpLJ6quhgs9xyUbCQ==",
      "peer": true
    },
    "tiny-invariant": {
      "version": "1.3.1",
      "resolved": "https://registry.npmjs.org/tiny-invariant/-/tiny-invariant-1.3.1.tgz",
      "integrity": "sha512-AD5ih2NlSssTCwsMznbvwMZpJ1cbhkGd2uueNxzv2jDlEeZdU04JQfRnggJQ8DrcVBGjAsCKwFBbDlVNtEMlzw=="
    },
    "to-regex-range": {
      "version": "5.0.1",
      "resolved": "https://registry.npmjs.org/to-regex-range/-/to-regex-range-5.0.1.tgz",
      "integrity": "sha512-65P7iz6X5yEr1cwcgvQxbbIw7Uk3gOy5dIdtZ4rDveLqhrdJP+Li/Hx6tyK0NEb+2GCyneCMJiGqrADCSNk8sQ==",
      "requires": {
        "is-number": "^7.0.0"
      }
    },
    "typescript": {
      "version": "5.2.2",
      "resolved": "https://registry.npmjs.org/typescript/-/typescript-5.2.2.tgz",
      "integrity": "sha512-mI4WrpHsbCIcwT9cF4FZvr80QUeKvsUsUvKDoR+X/7XHQH98xYD8YHZg7ANtz2GtZt/CBq2QJ0thkGJMHfqc1w=="
    },
    "unixify": {
      "version": "1.0.0",
      "resolved": "https://registry.npmjs.org/unixify/-/unixify-1.0.0.tgz",
      "integrity": "sha512-6bc58dPYhCMHHuwxldQxO3RRNZ4eCogZ/st++0+fcC1nr0jiGUtAdBJ2qzmLQWSxbtz42pWt4QQMiZ9HvZf5cg==",
      "requires": {
        "normalize-path": "^2.1.1"
      },
      "dependencies": {
        "normalize-path": {
          "version": "2.1.1",
          "resolved": "https://registry.npmjs.org/normalize-path/-/normalize-path-2.1.1.tgz",
          "integrity": "sha512-3pKJwH184Xo/lnH6oyP1q2pMd7HcypqqmRs91/6/i2CGtWwIKGCkOOMTm/zXbgTEWHw1uNpNi/igc3ePOYHb6w==",
          "requires": {
            "remove-trailing-separator": "^1.0.1"
          }
        }
      }
    }
  }
}
